<?xml version="1.0" encoding="utf-8"?>
<Project ToolsVersion="4.0" xmlns="http://schemas.microsoft.com/developer/msbuild/2003">
  <ItemGroup>
    <Filter Include="Source Files">
      <UniqueIdentifier>{4FC737F1-C7A5-4376-A066-2A32D752A2FF}</UniqueIdentifier>
      <Extensions>cpp;c;cc;cxx;c++;cppm;ixx;def;odl;idl;hpj;bat;asm;asmx</Extensions>
    </Filter>
    <Filter Include="Header Files">
      <UniqueIdentifier>{93995380-89BD-4b04-88EB-625FBE52EBFB}</UniqueIdentifier>
      <Extensions>h;hh;hpp;hxx;h++;hm;inl;inc;ipp;xsd</Extensions>
    </Filter>
    <Filter Include="Resource Files">
      <UniqueIdentifier>{67DA6AB6-F800-4c08-8B7A-83BB121AAD01}</UniqueIdentifier>
      <Extensions>rc;ico;cur;bmp;dlg;rc2;rct;bin;rgs;gif;jpg;jpeg;jpe;resx;tiff;tif;png;wav;mfcribbon-ms</Extensions>
    </Filter>
    <Filter Include="Source Files\Payments">
      <UniqueIdentifier>{c318fbba-c6ff-474a-964a-5ed1702d5f0f}</UniqueIdentifier>
    </Filter>
    <Filter Include="Source Files\Reservations">
      <UniqueIdentifier>{32e380e0-ffa0-4de1-a3c7-ddc79a3e5dd1}</UniqueIdentifier>
    </Filter>
    <Filter Include="Source Files\ItinerariesManagers">
      <UniqueIdentifier>{93695ef7-e27d-4474-9d5c-afcea7afc64e}</UniqueIdentifier>
    </Filter>
    <Filter Include="Source Files\Users">
      <UniqueIdentifier>{fb0a9d3e-0966-4e71-99f4-2f04c3dc7fac}</UniqueIdentifier>
    </Filter>
  </ItemGroup>
  <ItemGroup>
    <ClCompile Include="ExpediaClone.cpp">
      <Filter>Source Files</Filter>
    </ClCompile>
    <ClCompile Include="IPayment.cpp">
      <Filter>Source Files</Filter>
    </ClCompile>
    <ClCompile Include="PayPalPayment.cpp">
      <Filter>Source Files</Filter>
    </ClCompile>
    <ClCompile Include="StripePayment.cpp">
      <Filter>Source Files</Filter>
    </ClCompile>
    <ClCompile Include="PaymentFactory.cpp">
      <Filter>Source Files</Filter>
    </ClCompile>
    <ClCompile Include="Card.cpp">
      <Filter>Source Files</Filter>
    </ClCompile>
    <ClCompile Include="CreditCard.cpp">
      <Filter>Source Files</Filter>
    </ClCompile>
    <ClCompile Include="DebitCard.cpp">
      <Filter>Source Files</Filter>
    </ClCompile>
    <ClCompile Include="IReservation.cpp">
      <Filter>Source Files</Filter>
    </ClCompile>
    <ClCompile Include="IFlight.cpp">
      <Filter>Source Files</Filter>
    </ClCompile>
    <ClCompile Include="IHotel.cpp">
      <Filter>Source Files</Filter>
    </ClCompile>
    <ClCompile Include="ItineraryReservation.cpp">
      <Filter>Source Files</Filter>
    </ClCompile>
    <ClCompile Include="AirCanada.cpp">
      <Filter>Source Files</Filter>
    </ClCompile>
    <ClCompile Include="TurkishAirlines.cpp">
      <Filter>Source Files</Filter>
    </ClCompile>
    <ClCompile Include="Hilton.cpp">
      <Filter>Source Files</Filter>
    </ClCompile>
    <ClCompile Include="Marriott.cpp">
      <Filter>Source Files</Filter>
    </ClCompile>
    <ClCompile Include="FlightsManager.cpp">
      <Filter>Source Files</Filter>
    </ClCompile>
    <ClCompile Include="HotelRoom.cpp">
      <Filter>Source Files</Filter>
    </ClCompile>
    <ClCompile Include="Flight.cpp">
      <Filter>Source Files</Filter>
    </ClCompile>
    <ClCompile Include="CustomersManager.cpp">
      <Filter>Source Files</Filter>
    </ClCompile>
    <ClCompile Include="User.cpp">
      <Filter>Source Files</Filter>
    </ClCompile>
    <ClCompile Include="Admin.cpp">
      <Filter>Source Files</Filter>
    </ClCompile>
    <ClCompile Include="Customer.cpp">
      <Filter>Source Files</Filter>
    </ClCompile>
    <ClCompile Include="HotelsManager.cpp">
      <Filter>Source Files</Filter>
    </ClCompile>
    <ClCompile Include="Expedia.cpp">
      <Filter>Source Files</Filter>
    </ClCompile>
  </ItemGroup>
  <ItemGroup>
    <ClInclude Include="expedia_flights_api.h">
      <Filter>Header Files</Filter>
    </ClInclude>
    <ClInclude Include="expedia_hotels_api.h">
      <Filter>Header Files</Filter>
    </ClInclude>
    <ClInclude Include="expedia_payments_api.h">
      <Filter>Header Files</Filter>
    </ClInclude>
    <ClInclude Include="json.hpp">
      <Filter>Header Files</Filter>
    </ClInclude>
    <ClInclude Include="IPayment.h">
      <Filter>Header Files</Filter>
    </ClInclude>
    <ClInclude Include="PayPalPayment.h">
      <Filter>Header Files</Filter>
    </ClInclude>
    <ClInclude Include="StripePayment.h">
      <Filter>Header Files</Filter>
    </ClInclude>
    <ClInclude Include="PaymentFactory.h">
      <Filter>Header Files</Filter>
    </ClInclude>
    <ClInclude Include="Card.h">
      <Filter>Header Files</Filter>
    </ClInclude>
    <ClInclude Include="CreditCard.h">
      <Filter>Header Files</Filter>
    </ClInclude>
    <ClInclude Include="DebitCard.h">
      <Filter>Header Files</Filter>
    </ClInclude>
    <ClInclude Include="IReservation.h">
      <Filter>Header Files</Filter>
    </ClInclude>
    <ClInclude Include="IFlight.h">
      <Filter>Header Files</Filter>
    </ClInclude>
    <ClInclude Include="IHotel.h">
      <Filter>Header Files</Filter>
    </ClInclude>
    <ClInclude Include="ItineraryReservation.h">
      <Filter>Header Files</Filter>
    </ClInclude>
    <ClInclude Include="AirCanada.h">
      <Filter>Header Files</Filter>
    </ClInclude>
    <ClInclude Include="TurkishAirlines.h">
      <Filter>Header Files</Filter>
    </ClInclude>
    <ClInclude Include="Hilton.h">
      <Filter>Header Files</Filter>
    </ClInclude>
    <ClInclude Include="Marriott.h">
      <Filter>Header Files</Filter>
    </ClInclude>
    <ClInclude Include="FlightsManager.h">
      <Filter>Header Files</Filter>
    </ClInclude>
    <ClInclude Include="HotelRoom.h">
      <Filter>Header Files</Filter>
    </ClInclude>
    <ClInclude Include="Flight.h">
      <Filter>Header Files</Filter>
    </ClInclude>
    <ClInclude Include="CustomersManager.h">
      <Filter>Header Files</Filter>
    </ClInclude>
    <ClInclude Include="User.h">
      <Filter>Header Files</Filter>
    </ClInclude>
    <ClInclude Include="Admin.h">
      <Filter>Header Files</Filter>
    </ClInclude>
    <ClInclude Include="Customer.h">
      <Filter>Header Files</Filter>
    </ClInclude>
    <ClInclude Include="HotelsManager.h">
      <Filter>Header Files</Filter>
    </ClInclude>
    <ClInclude Include="Expedia.h">
      <Filter>Header Files</Filter>
    </ClInclude>
    <ClInclude Include="Utilities.h">
      <Filter>Header Files</Filter>
    </ClInclude>
  </ItemGroup>
</Project>